
Microsoft Visual Studio Solution File, Format Version 12.00
# Visual Studio Version 16
VisualStudioVersion = 16.0.30204.135
MinimumVisualStudioVersion = 10.0.40219.1
Project("{FAE04EC0-301F-11D3-BF4B-00C04F79EFBC}") = "CrocCSharpBot", "CrocCSharpBot\CrocCSharpBot.csproj", "{A123BC98-D2D4-4ABF-9DC9-7762DD243533}"
EndProject
Global
	GlobalSection(SolutionConfigurationPlatforms) = preSolution
		Debug|Any CPU = Debug|Any CPU
		Release|Any CPU = Release|Any CPU
	EndGlobalSection
	GlobalSection(ProjectConfigurationPlatforms) = postSolution
		{A123BC98-D2D4-4ABF-9DC9-7762DD243533}.Debug|Any CPU.ActiveCfg = Debug|Any CPU
		{A123BC98-D2D4-4ABF-9DC9-7762DD243533}.Debug|Any CPU.Build.0 = Debug|Any CPU
		{A123BC98-D2D4-4ABF-9DC9-7762DD243533}.Release|Any CPU.ActiveCfg = Release|Any CPU
		{A123BC98-D2D4-4ABF-9DC9-7762DD243533}.Release|Any CPU.Build.0 = Release|Any CPU
	EndGlobalSection
	GlobalSection(SolutionProperties) = preSolution
		HideSolutionNode = FALSE
	EndGlobalSection
	GlobalSection(ExtensibilityGlobals) = postSolution
		SolutionGuid = {6EEF907A-B169-436F-A7EF-C337C0634D30}
	EndGlobalSection
EndGlobal
